# RED: required macros present only as comments → must read ABSENT
set_global_assignment -name VERILOG_MACRO "DDR_FRAME_STORE=1"
set_global_assignment -name VERILOG_MACRO "FRAME_W=960"
set_global_assignment -name VERILOG_MACRO "FRAME_H=540"
# set_global_assignment -name VERILOG_MACRO "PRESENT_BEAM_960=1"
